{
  "name": "elementjs",
  "version": "1.0.0",
  "lockfileVersion": 1,
  "requires": true,
  "dependencies": {
    "@material/animation": {
      "version": "5.1.0",
      "resolved": "https://registry.npmjs.org/@material/animation/-/animation-5.1.0.tgz",
      "integrity": "sha1-8tL/40byYSu0DZ6L+5dikLkRc/c=",
      "requires": {
        "tslib": "^1.9.3"
      }
    },
    "@material/auto-init": {
      "version": "5.1.0",
      "resolved": "https://registry.npmjs.org/@material/auto-init/-/auto-init-5.1.0.tgz",
      "integrity": "sha1-nTeOpqh5/uqgwbUhsabjRwgiz/M=",
      "requires": {
        "@material/base": "^5.1.0",
        "tslib": "^1.9.3"
      }
    },
    "@material/base": {
      "version": "5.1.0",
      "resolved": "https://registry.npmjs.org/@material/base/-/base-5.1.0.tgz",
      "integrity": "sha1-vSUus2dMJ8HOaQrZiQW0sdOdowo=",
      "requires": {
        "tslib": "^1.9.3"
      }
    },
    "@material/button": {
      "version": "5.1.0",
      "resolved": "https://registry.npmjs.org/@material/button/-/button-5.1.0.tgz",
      "integrity": "sha1-IphjaM4S+q0UK6AcSutC9qOA3/s=",
      "requires": {
        "@material/density": "^5.1.0",
        "@material/elevation": "^5.1.0",
        "@material/feature-targeting": "^5.1.0",
        "@material/ripple": "^5.1.0",
        "@material/rtl": "^5.1.0",
        "@material/shape": "^5.1.0",
        "@material/theme": "^5.1.0",
        "@material/touch-target": "^5.1.0",
        "@material/typography": "^5.1.0"
      }
    },
    "@material/card": {
      "version": "5.1.0",
      "resolved": "https://registry.npmjs.org/@material/card/-/card-5.1.0.tgz",
      "integrity": "sha1-2z4LUrCegyyzn4HpOEt5LjPCQQQ=",
      "requires": {
        "@material/elevation": "^5.1.0",
        "@material/feature-targeting": "^5.1.0",
        "@material/ripple": "^5.1.0",
        "@material/rtl": "^5.1.0",
        "@material/shape": "^5.1.0",
        "@material/theme": "^5.1.0"
      }
    },
    "@material/checkbox": {
      "version": "5.1.0",
      "resolved": "https://registry.npmjs.org/@material/checkbox/-/checkbox-5.1.0.tgz",
      "integrity": "sha1-L2ifakCfDtkGoNc7zQB4p2jq+dE=",
      "requires": {
        "@material/animation": "^5.1.0",
        "@material/base": "^5.1.0",
        "@material/density": "^5.1.0",
        "@material/dom": "^5.1.0",
        "@material/feature-targeting": "^5.1.0",
        "@material/ripple": "^5.1.0",
        "@material/theme": "^5.1.0",
        "@material/touch-target": "^5.1.0",
        "tslib": "^1.9.3"
      }
    },
    "@material/chips": {
      "version": "5.1.0",
      "resolved": "https://registry.npmjs.org/@material/chips/-/chips-5.1.0.tgz",
      "integrity": "sha1-i71bK+MwCpRTz27dkYanwKp1es4=",
      "requires": {
        "@material/animation": "^5.1.0",
        "@material/base": "^5.1.0",
        "@material/checkbox": "^5.1.0",
        "@material/density": "^5.1.0",
        "@material/dom": "^5.1.0",
        "@material/elevation": "^5.1.0",
        "@material/feature-targeting": "^5.1.0",
        "@material/ripple": "^5.1.0",
        "@material/rtl": "^5.1.0",
        "@material/shape": "^5.1.0",
        "@material/theme": "^5.1.0",
        "@material/touch-target": "^5.1.0",
        "@material/typography": "^5.1.0",
        "tslib": "^1.9.3"
      }
    },
    "@material/data-table": {
      "version": "5.1.0",
      "resolved": "https://registry.npmjs.org/@material/data-table/-/data-table-5.1.0.tgz",
      "integrity": "sha1-TBWgoY9+5tjbp35DXU++Bk/h8Ak=",
      "requires": {
        "@material/animation": "^5.1.0",
        "@material/base": "^5.1.0",
        "@material/checkbox": "^5.1.0",
        "@material/density": "^5.1.0",
        "@material/dom": "^5.1.0",
        "@material/elevation": "^5.1.0",
        "@material/feature-targeting": "^5.1.0",
        "@material/rtl": "^5.1.0",
        "@material/shape": "^5.1.0",
        "@material/theme": "^5.1.0",
        "@material/typography": "^5.1.0",
        "tslib": "^1.10.0"
      }
    },
    "@material/density": {
      "version": "5.1.0",
      "resolved": "https://registry.npmjs.org/@material/density/-/density-5.1.0.tgz",
      "integrity": "sha1-02US1BOgBZUSL5gwN2ba5rnp+r4="
    },
    "@material/dialog": {
      "version": "5.1.0",
      "resolved": "https://registry.npmjs.org/@material/dialog/-/dialog-5.1.0.tgz",
      "integrity": "sha1-PqZLIrco4eElGq8LtLSmdarXN4U=",
      "requires": {
        "@material/animation": "^5.1.0",
        "@material/base": "^5.1.0",
        "@material/button": "^5.1.0",
        "@material/dom": "^5.1.0",
        "@material/elevation": "^5.1.0",
        "@material/feature-targeting": "^5.1.0",
        "@material/ripple": "^5.1.0",
        "@material/rtl": "^5.1.0",
        "@material/shape": "^5.1.0",
        "@material/theme": "^5.1.0",
        "@material/touch-target": "^5.1.0",
        "@material/typography": "^5.1.0",
        "tslib": "^1.9.3"
      }
    },
    "@material/dom": {
      "version": "5.1.0",
      "resolved": "https://registry.npmjs.org/@material/dom/-/dom-5.1.0.tgz",
      "integrity": "sha1-/vuW4fdEZT38Ps2wH36++Bzh+us=",
      "requires": {
        "tslib": "^1.9.3"
      }
    },
    "@material/drawer": {
      "version": "5.1.0",
      "resolved": "https://registry.npmjs.org/@material/drawer/-/drawer-5.1.0.tgz",
      "integrity": "sha1-Anpq2FY3uZm0MByd8JUTwY2LQmk=",
      "requires": {
        "@material/animation": "^5.1.0",
        "@material/base": "^5.1.0",
        "@material/dom": "^5.1.0",
        "@material/elevation": "^5.1.0",
        "@material/feature-targeting": "^5.1.0",
        "@material/list": "^5.1.0",
        "@material/ripple": "^5.1.0",
        "@material/rtl": "^5.1.0",
        "@material/shape": "^5.1.0",
        "@material/theme": "^5.1.0",
        "@material/typography": "^5.1.0",
        "tslib": "^1.9.3"
      }
    },
    "@material/elevation": {
      "version": "5.1.0",
      "resolved": "https://registry.npmjs.org/@material/elevation/-/elevation-5.1.0.tgz",
      "integrity": "sha1-VpBl+FjdHfuD07pJUe1uRJ2h1UU=",
      "requires": {
        "@material/animation": "^5.1.0",
        "@material/base": "^5.1.0",
        "@material/feature-targeting": "^5.1.0",
        "@material/theme": "^5.1.0"
      }
    },
    "@material/fab": {
      "version": "5.1.0",
      "resolved": "https://registry.npmjs.org/@material/fab/-/fab-5.1.0.tgz",
      "integrity": "sha1-Sjj9TXV59beupsjStgyz3td5RdM=",
      "requires": {
        "@material/animation": "^5.1.0",
        "@material/elevation": "^5.1.0",
        "@material/feature-targeting": "^5.1.0",
        "@material/ripple": "^5.1.0",
        "@material/rtl": "^5.1.0",
        "@material/shape": "^5.1.0",
        "@material/theme": "^5.1.0",
        "@material/touch-target": "^5.1.0",
        "@material/typography": "^5.1.0"
      }
    },
    "@material/feature-targeting": {
      "version": "5.1.0",
      "resolved": "https://registry.npmjs.org/@material/feature-targeting/-/feature-targeting-5.1.0.tgz",
      "integrity": "sha1-SSZbvU/1mxzSCjhbVUf3wkbLGVU="
    },
    "@material/floating-label": {
      "version": "5.1.0",
      "resolved": "https://registry.npmjs.org/@material/floating-label/-/floating-label-5.1.0.tgz",
      "integrity": "sha1-jWVLPyypgkjlpzpj/uyPRSPFq08=",
      "requires": {
        "@material/animation": "^5.1.0",
        "@material/base": "^5.1.0",
        "@material/dom": "^5.1.0",
        "@material/feature-targeting": "^5.1.0",
        "@material/rtl": "^5.1.0",
        "@material/theme": "^5.1.0",
        "@material/typography": "^5.1.0",
        "tslib": "^1.9.3"
      }
    },
    "@material/form-field": {
      "version": "5.1.0",
      "resolved": "https://registry.npmjs.org/@material/form-field/-/form-field-5.1.0.tgz",
      "integrity": "sha1-kb+By0ZH1lW3RZ3wqhkGAYn1VWQ=",
      "requires": {
        "@material/base": "^5.1.0",
        "@material/feature-targeting": "^5.1.0",
        "@material/ripple": "^5.1.0",
        "@material/rtl": "^5.1.0",
        "@material/theme": "^5.1.0",
        "@material/typography": "^5.1.0",
        "tslib": "^1.9.3"
      }
    },
    "@material/icon-button": {
      "version": "5.1.0",
      "resolved": "https://registry.npmjs.org/@material/icon-button/-/icon-button-5.1.0.tgz",
      "integrity": "sha1-IkxWB8onL+rEHsIjgW7hIz+ysBg=",
      "requires": {
        "@material/base": "^5.1.0",
        "@material/density": "^5.1.0",
        "@material/feature-targeting": "^5.1.0",
        "@material/ripple": "^5.1.0",
        "@material/theme": "^5.1.0",
        "tslib": "^1.9.3"
      }
    },
    "@material/image-list": {
      "version": "5.1.0",
      "resolved": "https://registry.npmjs.org/@material/image-list/-/image-list-5.1.0.tgz",
      "integrity": "sha1-1+84ltxp0aG+Usz0yKOagkC0XPI=",
      "requires": {
        "@material/feature-targeting": "^5.1.0",
        "@material/shape": "^5.1.0",
        "@material/theme": "^5.1.0",
        "@material/typography": "^5.1.0"
      }
    },
    "@material/layout-grid": {
      "version": "5.1.0",
      "resolved": "https://registry.npmjs.org/@material/layout-grid/-/layout-grid-5.1.0.tgz",
      "integrity": "sha1-ofWEv906HxHbN6pjxRK0w8Hb/uk="
    },
    "@material/line-ripple": {
      "version": "5.1.0",
      "resolved": "https://registry.npmjs.org/@material/line-ripple/-/line-ripple-5.1.0.tgz",
      "integrity": "sha1-hssbipG/AQIxEJIRuOs4rQWfXyM=",
      "requires": {
        "@material/animation": "^5.1.0",
        "@material/base": "^5.1.0",
        "@material/feature-targeting": "^5.1.0",
        "@material/theme": "^5.1.0",
        "tslib": "^1.9.3"
      }
    },
    "@material/linear-progress": {
      "version": "5.1.0",
      "resolved": "https://registry.npmjs.org/@material/linear-progress/-/linear-progress-5.1.0.tgz",
      "integrity": "sha1-4dnA9l8ZWIhFwvMDcFRUQcn+UFo=",
      "requires": {
        "@material/animation": "^5.1.0",
        "@material/base": "^5.1.0",
        "@material/feature-targeting": "^5.1.0",
        "@material/progress-indicator": "^5.1.0",
        "@material/theme": "^5.1.0",
        "tslib": "^1.9.3"
      }
    },
    "@material/list": {
      "version": "5.1.0",
      "resolved": "https://registry.npmjs.org/@material/list/-/list-5.1.0.tgz",
      "integrity": "sha1-BMAQ45PIjH2iCRQm/RK4IGWFw34=",
      "requires": {
        "@material/base": "^5.1.0",
        "@material/density": "^5.1.0",
        "@material/dom": "^5.1.0",
        "@material/feature-targeting": "^5.1.0",
        "@material/ripple": "^5.1.0",
        "@material/rtl": "^5.1.0",
        "@material/shape": "^5.1.0",
        "@material/theme": "^5.1.0",
        "@material/typography": "^5.1.0",
        "tslib": "^1.9.3"
      }
    },
    "@material/menu": {
      "version": "5.1.0",
      "resolved": "https://registry.npmjs.org/@material/menu/-/menu-5.1.0.tgz",
      "integrity": "sha1-KHlMG+dCoifh4g873dyJYXiJDr4=",
      "requires": {
        "@material/base": "^5.1.0",
        "@material/dom": "^5.1.0",
        "@material/elevation": "^5.1.0",
        "@material/feature-targeting": "^5.1.0",
        "@material/list": "^5.1.0",
        "@material/menu-surface": "^5.1.0",
        "@material/ripple": "^5.1.0",
        "@material/rtl": "^5.1.0",
        "@material/theme": "^5.1.0",
        "tslib": "^1.9.3"
      }
    },
    "@material/menu-surface": {
      "version": "5.1.0",
      "resolved": "https://registry.npmjs.org/@material/menu-surface/-/menu-surface-5.1.0.tgz",
      "integrity": "sha1-AI3GHnn3Pe7D5Wuf27oWTM7BN1k=",
      "requires": {
        "@material/animation": "^5.1.0",
        "@material/base": "^5.1.0",
        "@material/elevation": "^5.1.0",
        "@material/feature-targeting": "^5.1.0",
        "@material/rtl": "^5.1.0",
        "@material/shape": "^5.1.0",
        "@material/theme": "^5.1.0",
        "tslib": "^1.9.3"
      }
    },
    "@material/notched-outline": {
      "version": "5.1.0",
      "resolved": "https://registry.npmjs.org/@material/notched-outline/-/notched-outline-5.1.0.tgz",
      "integrity": "sha1-TslwAe1ru2bwQQC3dFrpnRmk0W4=",
      "requires": {
        "@material/base": "^5.1.0",
        "@material/feature-targeting": "^5.1.0",
        "@material/floating-label": "^5.1.0",
        "@material/rtl": "^5.1.0",
        "@material/shape": "^5.1.0",
        "@material/theme": "^5.1.0",
        "tslib": "^1.9.3"
      }
    },
    "@material/progress-indicator": {
      "version": "5.1.0",
      "resolved": "https://registry.npmjs.org/@material/progress-indicator/-/progress-indicator-5.1.0.tgz",
      "integrity": "sha1-14hcTS3n08nAlRvxnMS7Y0TXXKs=",
      "requires": {
        "tslib": "^1.9.3"
      }
    },
    "@material/radio": {
      "version": "5.1.0",
      "resolved": "https://registry.npmjs.org/@material/radio/-/radio-5.1.0.tgz",
      "integrity": "sha1-QiA2n+icLO6KlUm1BdhXpu/GEIw=",
      "requires": {
        "@material/animation": "^5.1.0",
        "@material/base": "^5.1.0",
        "@material/density": "^5.1.0",
        "@material/dom": "^5.1.0",
        "@material/feature-targeting": "^5.1.0",
        "@material/ripple": "^5.1.0",
        "@material/theme": "^5.1.0",
        "@material/touch-target": "^5.1.0",
        "tslib": "^1.9.3"
      }
    },
    "@material/ripple": {
      "version": "5.1.0",
      "resolved": "https://registry.npmjs.org/@material/ripple/-/ripple-5.1.0.tgz",
      "integrity": "sha1-ZiTg/3cY1r+mX+zQvKTAPSaWwHs=",
      "requires": {
        "@material/animation": "^5.1.0",
        "@material/base": "^5.1.0",
        "@material/dom": "^5.1.0",
        "@material/feature-targeting": "^5.1.0",
        "@material/theme": "^5.1.0",
        "tslib": "^1.9.3"
      }
    },
    "@material/rtl": {
      "version": "5.1.0",
      "resolved": "https://registry.npmjs.org/@material/rtl/-/rtl-5.1.0.tgz",
      "integrity": "sha1-q9jCu1MiuPvlSeL0Z3kWEnINp0Y="
    },
    "@material/select": {
      "version": "5.1.0",
      "resolved": "https://registry.npmjs.org/@material/select/-/select-5.1.0.tgz",
      "integrity": "sha1-xhBuPk8n82cL4InO3bAwrq2Tb/w=",
      "requires": {
        "@material/animation": "^5.1.0",
        "@material/base": "^5.1.0",
        "@material/floating-label": "^5.1.0",
        "@material/line-ripple": "^5.1.0",
        "@material/menu": "^5.1.0",
        "@material/menu-surface": "^5.1.0",
        "@material/notched-outline": "^5.1.0",
        "@material/ripple": "^5.1.0",
        "@material/rtl": "^5.1.0",
        "@material/shape": "^5.1.0",
        "@material/theme": "^5.1.0",
        "@material/typography": "^5.1.0",
        "tslib": "^1.9.3"
      }
    },
    "@material/shape": {
      "version": "5.1.0",
      "resolved": "https://registry.npmjs.org/@material/shape/-/shape-5.1.0.tgz",
      "integrity": "sha1-FV0Bxv3JCpIl/vKX/hRsGUamwUc=",
      "requires": {
        "@material/feature-targeting": "^5.1.0",
        "@material/rtl": "^5.1.0"
      }
    },
    "@material/slider": {
      "version": "5.1.0",
      "resolved": "https://registry.npmjs.org/@material/slider/-/slider-5.1.0.tgz",
      "integrity": "sha1-k9Le5QB1Kg6Fr0l4SCYAQiGUCOQ=",
      "requires": {
        "@material/animation": "^5.1.0",
        "@material/base": "^5.1.0",
        "@material/dom": "^5.1.0",
        "@material/feature-targeting": "^5.1.0",
        "@material/rtl": "^5.1.0",
        "@material/theme": "^5.1.0",
        "@material/typography": "^5.1.0",
        "tslib": "^1.9.3"
      }
    },
    "@material/snackbar": {
      "version": "5.1.0",
      "resolved": "https://registry.npmjs.org/@material/snackbar/-/snackbar-5.1.0.tgz",
      "integrity": "sha1-9aB1zrwxT10/voh8fSIxyVh+nZ0=",
      "requires": {
        "@material/animation": "^5.1.0",
        "@material/base": "^5.1.0",
        "@material/button": "^5.1.0",
        "@material/dom": "^5.1.0",
        "@material/elevation": "^5.1.0",
        "@material/feature-targeting": "^5.1.0",
        "@material/icon-button": "^5.1.0",
        "@material/ripple": "^5.1.0",
        "@material/rtl": "^5.1.0",
        "@material/shape": "^5.1.0",
        "@material/theme": "^5.1.0",
        "@material/typography": "^5.1.0",
        "tslib": "^1.9.3"
      }
    },
    "@material/switch": {
      "version": "5.1.0",
      "resolved": "https://registry.npmjs.org/@material/switch/-/switch-5.1.0.tgz",
      "integrity": "sha1-gIlNv995mqQiAYnzn80xAHIt8rY=",
      "requires": {
        "@material/animation": "^5.1.0",
        "@material/base": "^5.1.0",
        "@material/density": "^5.1.0",
        "@material/dom": "^5.1.0",
        "@material/elevation": "^5.1.0",
        "@material/feature-targeting": "^5.1.0",
        "@material/ripple": "^5.1.0",
        "@material/rtl": "^5.1.0",
        "@material/theme": "^5.1.0",
        "tslib": "^1.9.3"
      }
    },
    "@material/tab": {
      "version": "5.1.0",
      "resolved": "https://registry.npmjs.org/@material/tab/-/tab-5.1.0.tgz",
      "integrity": "sha1-G5HOIiGEIqTBp8Z9JuRMCXHw4b4=",
      "requires": {
        "@material/base": "^5.1.0",
        "@material/feature-targeting": "^5.1.0",
        "@material/ripple": "^5.1.0",
        "@material/rtl": "^5.1.0",
        "@material/tab-indicator": "^5.1.0",
        "@material/theme": "^5.1.0",
        "@material/typography": "^5.1.0",
        "tslib": "^1.9.3"
      }
    },
    "@material/tab-bar": {
      "version": "5.1.0",
      "resolved": "https://registry.npmjs.org/@material/tab-bar/-/tab-bar-5.1.0.tgz",
      "integrity": "sha1-47TpWaBPOvdigumnEgSq2YpRLng=",
      "requires": {
        "@material/animation": "^5.1.0",
        "@material/base": "^5.1.0",
        "@material/density": "^5.1.0",
        "@material/feature-targeting": "^5.1.0",
        "@material/tab": "^5.1.0",
        "@material/tab-scroller": "^5.1.0",
        "tslib": "^1.9.3"
      }
    },
    "@material/tab-indicator": {
      "version": "5.1.0",
      "resolved": "https://registry.npmjs.org/@material/tab-indicator/-/tab-indicator-5.1.0.tgz",
      "integrity": "sha1-GvfOiFvytkr0BXrLOnNq4rmTuSU=",
      "requires": {
        "@material/animation": "^5.1.0",
        "@material/base": "^5.1.0",
        "@material/feature-targeting": "^5.1.0",
        "@material/theme": "^5.1.0",
        "tslib": "^1.9.3"
      }
    },
    "@material/tab-scroller": {
      "version": "5.1.0",
      "resolved": "https://registry.npmjs.org/@material/tab-scroller/-/tab-scroller-5.1.0.tgz",
      "integrity": "sha1-dpi4c1JrxKSiurpBXLz0bbdv6ZY=",
      "requires": {
        "@material/animation": "^5.1.0",
        "@material/base": "^5.1.0",
        "@material/dom": "^5.1.0",
        "@material/feature-targeting": "^5.1.0",
        "@material/tab": "^5.1.0",
        "tslib": "^1.9.3"
      }
    },
    "@material/textfield": {
      "version": "5.1.0",
      "resolved": "https://registry.npmjs.org/@material/textfield/-/textfield-5.1.0.tgz",
      "integrity": "sha1-dfaMYtyRYRYzCkyVi6OGbIe9YAI=",
      "requires": {
        "@material/animation": "^5.1.0",
        "@material/base": "^5.1.0",
        "@material/density": "^5.1.0",
        "@material/dom": "^5.1.0",
        "@material/feature-targeting": "^5.1.0",
        "@material/floating-label": "^5.1.0",
        "@material/line-ripple": "^5.1.0",
        "@material/notched-outline": "^5.1.0",
        "@material/ripple": "^5.1.0",
        "@material/rtl": "^5.1.0",
        "@material/shape": "^5.1.0",
        "@material/theme": "^5.1.0",
        "@material/typography": "^5.1.0",
        "tslib": "^1.9.3"
      }
    },
    "@material/theme": {
      "version": "5.1.0",
      "resolved": "https://registry.npmjs.org/@material/theme/-/theme-5.1.0.tgz",
      "integrity": "sha1-ATw30FWvxdQEXHfkTJ/R+UD/hls=",
      "requires": {
        "@material/feature-targeting": "^5.1.0"
      }
    },
    "@material/top-app-bar": {
      "version": "5.1.0",
      "resolved": "https://registry.npmjs.org/@material/top-app-bar/-/top-app-bar-5.1.0.tgz",
      "integrity": "sha1-xnmAh0Fw5tif4cGfAwZL/gJXxSo=",
      "requires": {
        "@material/animation": "^5.1.0",
        "@material/base": "^5.1.0",
        "@material/elevation": "^5.1.0",
        "@material/ripple": "^5.1.0",
        "@material/rtl": "^5.1.0",
        "@material/shape": "^5.1.0",
        "@material/theme": "^5.1.0",
        "@material/typography": "^5.1.0",
        "tslib": "^1.9.3"
      }
    },
    "@material/touch-target": {
      "version": "5.1.0",
      "resolved": "https://registry.npmjs.org/@material/touch-target/-/touch-target-5.1.0.tgz",
      "integrity": "sha1-DgO6kBrPEYyR60z6AgNJZEJFZaI=",
      "requires": {
        "@material/base": "^5.1.0",
        "@material/feature-targeting": "^5.1.0"
      }
    },
    "@material/typography": {
      "version": "5.1.0",
      "resolved": "https://registry.npmjs.org/@material/typography/-/typography-5.1.0.tgz",
      "integrity": "sha1-s0b0E5sjHxfITEOaHHrzEcQMWEQ=",
      "requires": {
        "@material/feature-targeting": "^5.1.0",
        "@material/theme": "^5.1.0"
      }
    },
    "@openfonts/baloo-thambi-2_tamil": {
      "version": "0.0.1",
      "resolved": "https://registry.npmjs.org/@openfonts/baloo-thambi-2_tamil/-/baloo-thambi-2_tamil-0.0.1.tgz",
      "integrity": "sha512-Xon1zAFj5thTg20Q2ktEUfzmRY/ngUXOGKt0S9z2LGFkGV5dvqNNQ9zi0Ah6bfgp0iHczr57pbQFkQlxh6b6zg=="
    },
    "alpinejs": {
      "version": "2.2.1",
      "resolved": "https://registry.npmjs.org/alpinejs/-/alpinejs-2.2.1.tgz",
      "integrity": "sha1-/o25WtTZNG1weD1brbkfe7tY6YA="
    },
    "animate.css": {
      "version": "3.7.2",
      "resolved": "https://registry.npmjs.org/animate.css/-/animate.css-3.7.2.tgz",
      "integrity": "sha1-5z4NUOkssc/vFZfZs4qUgQIOCOo="
    },
    "backbone": {
      "version": "1.4.0",
      "resolved": "https://registry.npmjs.org/backbone/-/backbone-1.4.0.tgz",
      "integrity": "sha1-VNtN6d98OBHD8DLzR0mkzSfzvRI=",
      "requires": {
        "underscore": ">=1.8.3"
      }
    },
    "codemirror": {
      "version": "5.52.2",
      "resolved": "https://registry.npmjs.org/codemirror/-/codemirror-5.52.2.tgz",
      "integrity": "sha1-wp4fcXn4XrDdF8BYb6gQ5IOP9YQ="
    },
    "flexboxgrid": {
      "version": "6.3.1",
      "resolved": "https://registry.npmjs.org/flexboxgrid/-/flexboxgrid-6.3.1.tgz",
      "integrity": "sha1-6ZiYr8B7cEdyK7galYpfuk1OIP0="
    },
    "material-components-web": {
      "version": "5.1.0",
      "resolved": "https://registry.npmjs.org/material-components-web/-/material-components-web-5.1.0.tgz",
      "integrity": "sha1-4afJ1iUihNaFfUDnidJv1hB9Qvc=",
      "requires": {
        "@material/animation": "^5.1.0",
        "@material/auto-init": "^5.1.0",
        "@material/base": "^5.1.0",
        "@material/button": "^5.1.0",
        "@material/card": "^5.1.0",
        "@material/checkbox": "^5.1.0",
        "@material/chips": "^5.1.0",
        "@material/data-table": "^5.1.0",
        "@material/density": "^5.1.0",
        "@material/dialog": "^5.1.0",
        "@material/dom": "^5.1.0",
        "@material/drawer": "^5.1.0",
        "@material/elevation": "^5.1.0",
        "@material/fab": "^5.1.0",
        "@material/feature-targeting": "^5.1.0",
        "@material/floating-label": "^5.1.0",
        "@material/form-field": "^5.1.0",
        "@material/icon-button": "^5.1.0",
        "@material/image-list": "^5.1.0",
        "@material/layout-grid": "^5.1.0",
        "@material/line-ripple": "^5.1.0",
        "@material/linear-progress": "^5.1.0",
        "@material/list": "^5.1.0",
        "@material/menu": "^5.1.0",
        "@material/menu-surface": "^5.1.0",
        "@material/notched-outline": "^5.1.0",
        "@material/radio": "^5.1.0",
        "@material/ripple": "^5.1.0",
        "@material/rtl": "^5.1.0",
        "@material/select": "^5.1.0",
        "@material/shape": "^5.1.0",
        "@material/slider": "^5.1.0",
        "@material/snackbar": "^5.1.0",
        "@material/switch": "^5.1.0",
        "@material/tab": "^5.1.0",
        "@material/tab-bar": "^5.1.0",
        "@material/tab-indicator": "^5.1.0",
        "@material/tab-scroller": "^5.1.0",
        "@material/textfield": "^5.1.0",
        "@material/theme": "^5.1.0",
        "@material/top-app-bar": "^5.1.0",
        "@material/touch-target": "^5.1.0",
        "@material/typography": "^5.1.0"
      }
    },
    "material-icons": {
      "version": "0.3.1",
      "resolved": "https://registry.npmjs.org/material-icons/-/material-icons-0.3.1.tgz",
      "integrity": "sha1-Ql4G4kSGMtYknW4f/imTaCxbFx4="
    },
    "normalize.css": {
      "version": "8.0.1",
      "resolved": "https://registry.npmjs.org/normalize.css/-/normalize.css-8.0.1.tgz",
      "integrity": "sha1-m5iiCHOLnMJjTKrLxC0THJdIe/M="
    },
    "requirejs": {
      "version": "2.3.6",
      "resolved": "https://registry.npmjs.org/requirejs/-/requirejs-2.3.6.tgz",
      "integrity": "sha1-5Qk9lgHCgpJRJYwLlEXU0Z+p58k="
    },
    "requirejs-plugins": {
      "version": "1.0.2",
      "resolved": "https://registry.npmjs.org/requirejs-plugins/-/requirejs-plugins-1.0.2.tgz",
      "integrity": "sha1-aTtVidl/hZhGL8cYJjUyYqr9qDY="
    },
    "text": {
      "version": "github:requirejs/text#3f9d4c19b3a1a3c6f35650c5788cbea1db93197a",
      "from": "github:requirejs/text"
    },
    "tslib": {
      "version": "1.11.1",
      "resolved": "https://registry.npmjs.org/tslib/-/tslib-1.11.1.tgz",
      "integrity": "sha1-6xXRKIJ/vuKEFUnhcfRe0zisfjU="
    },
    "typeface-lato": {
      "version": "0.0.75",
      "resolved": "https://registry.npmjs.org/typeface-lato/-/typeface-lato-0.0.75.tgz",
      "integrity": "sha1-iqEcVhHcOEFoN8CJsmWiq9H33TE="
    },
    "underscore": {
      "version": "1.9.2",
      "resolved": "https://registry.npmjs.org/underscore/-/underscore-1.9.2.tgz",
      "integrity": "sha1-DI1vU21vN4pa8mSnL3vsUP63zy8="
    },
    "zepto": {
      "version": "1.2.0",
      "resolved": "https://registry.npmjs.org/zepto/-/zepto-1.2.0.tgz",
      "integrity": "sha1-4Se9nmb9hGvl6rSME5SIL3wOT5g="
    }
  }
}
