{
  "name": "elementjs",
  "version": "1.0.0",
  "lockfileVersion": 1,
  "requires": true,
  "dependencies": {
    "@interactjs/actions": {
      "version": "1.9.9",
      "resolved": "https://registry.npmjs.org/@interactjs/actions/-/actions-1.9.9.tgz",
      "integrity": "sha512-+mb/bTscD1CGjqekQJ6Yf7A2q8K3/JzMfub4HGzi8Ri0cc62iUroScQo/psPae2icQ0gy5nHEiCu2db4EMXxPA==",
      "requires": {
        "@interactjs/interact": "1.9.9"
      }
    },
    "@interactjs/arrange": {
      "version": "1.9.9",
      "resolved": "https://registry.npmjs.org/@interactjs/arrange/-/arrange-1.9.9.tgz",
      "integrity": "sha512-vVgbOxG1uqzzvw1Sf4eDx/ln63mCyi/Xk0BAzKWGwxLMy5VeGzvJhS6L+EKgI4gNf0vSvkUCjz1VGw6nTprR1g=="
    },
    "@interactjs/auto-scroll": {
      "version": "1.9.9",
      "resolved": "https://registry.npmjs.org/@interactjs/auto-scroll/-/auto-scroll-1.9.9.tgz",
      "integrity": "sha512-/uoQumGmnwKwOLzrH3tGfLpGax9S1zrxImkiKK+Dl/ItStZoHeXP9H4TzvdC1jiZUxMMsJUMMzky12RsBqF13g==",
      "requires": {
        "@interactjs/interact": "1.9.9"
      }
    },
    "@interactjs/auto-start": {
      "version": "1.9.9",
      "resolved": "https://registry.npmjs.org/@interactjs/auto-start/-/auto-start-1.9.9.tgz",
      "integrity": "sha512-g2ubcTJy9DAIzhe6fyRyJETJnQTPm3ibx+YzBVPqpcXx1F7nqQIVokrv54muXhCgEzZtQB7Se6gp5dAVl0DhkA==",
      "requires": {
        "@interactjs/interact": "1.9.9"
      }
    },
    "@interactjs/clone": {
      "version": "1.9.9",
      "resolved": "https://registry.npmjs.org/@interactjs/clone/-/clone-1.9.9.tgz",
      "integrity": "sha512-Qoeo4jUl0OEPth8aEMMlugByekqrKJwl9sBItvIpQba8m3+6z5/2/ILXJop55Z1EZFAN2uFP/sNqFHVawdh1Ww=="
    },
    "@interactjs/components": {
      "version": "1.9.9",
      "resolved": "https://registry.npmjs.org/@interactjs/components/-/components-1.9.9.tgz",
      "integrity": "sha512-Oo+u0Siega9ke6OID/YgIBaNRPN+TBZ/QmfD8HqohrDeMssg5mwDShCpE608K0WLFRp3JODzkl0puYF/g63e4w=="
    },
    "@interactjs/core": {
      "version": "1.9.9",
      "resolved": "https://registry.npmjs.org/@interactjs/core/-/core-1.9.9.tgz",
      "integrity": "sha512-Jj6AWcIJpGvUkOjGmwo9rdYGoh60OlKlcpLwMnAC1/E6/PCzBgXkHPB4BNYZwRrxJH8QY4TU/vCtZFMZSydxyg=="
    },
    "@interactjs/dev-tools": {
      "version": "1.9.9",
      "resolved": "https://registry.npmjs.org/@interactjs/dev-tools/-/dev-tools-1.9.9.tgz",
      "integrity": "sha512-h8KNxFFRs1MR/GaOMs/R6WqaUUdnCOatEvflRSHIoH2PdDDnu7881v3q6vy/jGeBFU8tZ/0ASxQImiRMJx/tVQ==",
      "requires": {
        "@interactjs/interact": "1.9.9",
        "@interactjs/utils": "1.9.9"
      }
    },
    "@interactjs/feedback": {
      "version": "1.9.9",
      "resolved": "https://registry.npmjs.org/@interactjs/feedback/-/feedback-1.9.9.tgz",
      "integrity": "sha512-mHgtv3OZg87xImUKJqqDBJZ/tYHjrn71N0glqa2jZpnExtr63g43iWIqIvwJpk775M883WROIGDc+X/4tsVP6Q=="
    },
    "@interactjs/inertia": {
      "version": "1.9.9",
      "resolved": "https://registry.npmjs.org/@interactjs/inertia/-/inertia-1.9.9.tgz",
      "integrity": "sha512-rVkZc52gpRG+jgD8xV1WCw5Ktjxbz7PXe49dAjxbocm+6edpjD0Zp7oKeC/IFq+qE5xdgU9BNNe/6yLEdB74KA==",
      "requires": {
        "@interactjs/interact": "1.9.9",
        "@interactjs/offset": "1.9.9"
      }
    },
    "@interactjs/interact": {
      "version": "1.9.9",
      "resolved": "https://registry.npmjs.org/@interactjs/interact/-/interact-1.9.9.tgz",
      "integrity": "sha512-ntAOE5GL+yaICPkRFmS2p6+7dcydOp42OyRK2Hj+td1DCmo7+dWVJ7sowzcMOCAQQ6bQpk50kaww19jQx1PJcg==",
      "requires": {
        "@interactjs/core": "1.9.9",
        "@interactjs/types": "1.9.9",
        "@interactjs/utils": "1.9.9"
      }
    },
    "@interactjs/interactjs": {
      "version": "1.9.9",
      "resolved": "https://registry.npmjs.org/@interactjs/interactjs/-/interactjs-1.9.9.tgz",
      "integrity": "sha512-fQdy6RM2IU1RCZ9XvnEwOmNoRiiIeenXRFu2lgncmL4lfsMP7gbhA1PI0KX2CO1fOVcwbB6E3YHHzgbsFpNcNQ==",
      "requires": {
        "@interactjs/actions": "1.9.9",
        "@interactjs/arrange": "1.9.9",
        "@interactjs/auto-scroll": "1.9.9",
        "@interactjs/auto-start": "1.9.9",
        "@interactjs/clone": "1.9.9",
        "@interactjs/components": "1.9.9",
        "@interactjs/core": "1.9.9",
        "@interactjs/dev-tools": "1.9.9",
        "@interactjs/feedback": "1.9.9",
        "@interactjs/inertia": "1.9.9",
        "@interactjs/interact": "1.9.9",
        "@interactjs/modifiers": "1.9.9",
        "@interactjs/multi-target": "1.9.9",
        "@interactjs/offset": "1.9.9",
        "@interactjs/pointer-events": "1.9.9",
        "@interactjs/reflow": "1.9.9",
        "@interactjs/types": "1.9.9",
        "@interactjs/utils": "1.9.9",
        "@interactjs/vue": "1.9.9"
      }
    },
    "@interactjs/modifiers": {
      "version": "1.9.9",
      "resolved": "https://registry.npmjs.org/@interactjs/modifiers/-/modifiers-1.9.9.tgz",
      "integrity": "sha512-xauU9zjAAZoPWa6vcQ96vFbh39uwT7ZxLZVAiyPAW7bSQRztK/GxUtt2+gwUOrqSKT2Av++9p4BWOlOk5lZxRg==",
      "requires": {
        "@interactjs/interact": "1.9.9",
        "@interactjs/snappers": "1.9.9"
      }
    },
    "@interactjs/multi-target": {
      "version": "1.9.9",
      "resolved": "https://registry.npmjs.org/@interactjs/multi-target/-/multi-target-1.9.9.tgz",
      "integrity": "sha512-BJk5AwIgFN5jOm85LtvucxcIBBpkS8i9ndS4j2td4O0u0rzhXDTVN3XxQnc4rxV9FZfgmZdI4dnyDEnXTFYFsA=="
    },
    "@interactjs/offset": {
      "version": "1.9.9",
      "resolved": "https://registry.npmjs.org/@interactjs/offset/-/offset-1.9.9.tgz",
      "integrity": "sha512-nMmxzUqmv3InsczdAO6YI5BLUMyc/Gz/41MstJHslLsHjfIVbPUD9ZJbQElcvrnruUoqhXNY/FpRUSyCRqctiQ==",
      "requires": {
        "@interactjs/interact": "1.9.9"
      }
    },
    "@interactjs/pointer-events": {
      "version": "1.9.9",
      "resolved": "https://registry.npmjs.org/@interactjs/pointer-events/-/pointer-events-1.9.9.tgz",
      "integrity": "sha512-MtwD4fDQPveofsagav4L4kLj63ZXPCVpPPd0kauD+keMwfm+6z3e80I2KyWqEbabblkH3XKrjEZNGQaPclflCw==",
      "requires": {
        "@interactjs/interact": "1.9.9"
      }
    },
    "@interactjs/reflow": {
      "version": "1.9.9",
      "resolved": "https://registry.npmjs.org/@interactjs/reflow/-/reflow-1.9.9.tgz",
      "integrity": "sha512-Mzixx81kgfveILkhqCkHmSNDvCgg5DKLlVJpTwhh+LfxyWlKSt8bUk9CHYvn09LDsZiodXEimKqyy8QwYcZCVg==",
      "requires": {
        "@interactjs/interact": "1.9.9"
      }
    },
    "@interactjs/snappers": {
      "version": "1.9.9",
      "resolved": "https://registry.npmjs.org/@interactjs/snappers/-/snappers-1.9.9.tgz",
      "integrity": "sha512-7Gcp0VKDTE1W4B4gayOeaUppMgRlLReku9/SBPW+GWTqIPsgHu2ndAAsdKYSksO/v9u+v+Jk0Fm90Pe9zGclzg=="
    },
    "@interactjs/symbol-tree": {
      "version": "1.9.9",
      "resolved": "https://registry.npmjs.org/@interactjs/symbol-tree/-/symbol-tree-1.9.9.tgz",
      "integrity": "sha512-esbSprGGuaNLz8OwQKxr0sDSAo14ic0A7eHolODjvdhARREJiZYGLPYNb9h3yZ8TSNLk1Z4RsONxnJwN965irw=="
    },
    "@interactjs/types": {
      "version": "1.9.9",
      "resolved": "https://registry.npmjs.org/@interactjs/types/-/types-1.9.9.tgz",
      "integrity": "sha512-adouBgB8L9RD5HE0efLeYnY7RksXXaHGL3wLZstnDCPIDKpg8PXj6wbR2TovFUP51MlNMmlGFua0xRYIA0tz2g==",
      "requires": {
        "@interactjs/actions": "1.9.9",
        "@interactjs/arrange": "1.9.9",
        "@interactjs/auto-scroll": "1.9.9",
        "@interactjs/auto-start": "1.9.9",
        "@interactjs/core": "1.9.9",
        "@interactjs/dev-tools": "1.9.9",
        "@interactjs/inertia": "1.9.9",
        "@interactjs/modifiers": "1.9.9",
        "@interactjs/pointer-events": "1.9.9",
        "@interactjs/reflow": "1.9.9",
        "@interactjs/snappers": "1.9.9",
        "@interactjs/symbol-tree": "1.9.9",
        "@interactjs/utils": "1.9.9"
      }
    },
    "@interactjs/utils": {
      "version": "1.9.9",
      "resolved": "https://registry.npmjs.org/@interactjs/utils/-/utils-1.9.9.tgz",
      "integrity": "sha512-GegdM3iJHjtH74eNQmZD3lgMe2dl0iTML5tV+Ti8Z6L0AzBtngJXLJ5o/+TjRmqrVeEnvLWwqMvAat74AqjL5g=="
    },
    "@interactjs/vue": {
      "version": "1.9.9",
      "resolved": "https://registry.npmjs.org/@interactjs/vue/-/vue-1.9.9.tgz",
      "integrity": "sha512-UgZJOWfG5dXNMgkPI/j9FECpUADLSOoIX856GLVH2gxLwKcCEMdw1Ro7NwNxvCkl9/+HjtvNXQWTPv8OA6Xu+w=="
    },
    "@material/animation": {
      "version": "5.1.0",
      "resolved": "https://registry.npmjs.org/@material/animation/-/animation-5.1.0.tgz",
      "integrity": "sha1-8tL/40byYSu0DZ6L+5dikLkRc/c=",
      "requires": {
        "tslib": "^1.9.3"
      }
    },
    "@material/auto-init": {
      "version": "5.1.0",
      "resolved": "https://registry.npmjs.org/@material/auto-init/-/auto-init-5.1.0.tgz",
      "integrity": "sha1-nTeOpqh5/uqgwbUhsabjRwgiz/M=",
      "requires": {
        "@material/base": "^5.1.0",
        "tslib": "^1.9.3"
      }
    },
    "@material/base": {
      "version": "5.1.0",
      "resolved": "https://registry.npmjs.org/@material/base/-/base-5.1.0.tgz",
      "integrity": "sha1-vSUus2dMJ8HOaQrZiQW0sdOdowo=",
      "requires": {
        "tslib": "^1.9.3"
      }
    },
    "@material/button": {
      "version": "5.1.0",
      "resolved": "https://registry.npmjs.org/@material/button/-/button-5.1.0.tgz",
      "integrity": "sha1-IphjaM4S+q0UK6AcSutC9qOA3/s=",
      "requires": {
        "@material/density": "^5.1.0",
        "@material/elevation": "^5.1.0",
        "@material/feature-targeting": "^5.1.0",
        "@material/ripple": "^5.1.0",
        "@material/rtl": "^5.1.0",
        "@material/shape": "^5.1.0",
        "@material/theme": "^5.1.0",
        "@material/touch-target": "^5.1.0",
        "@material/typography": "^5.1.0"
      }
    },
    "@material/card": {
      "version": "5.1.0",
      "resolved": "https://registry.npmjs.org/@material/card/-/card-5.1.0.tgz",
      "integrity": "sha1-2z4LUrCegyyzn4HpOEt5LjPCQQQ=",
      "requires": {
        "@material/elevation": "^5.1.0",
        "@material/feature-targeting": "^5.1.0",
        "@material/ripple": "^5.1.0",
        "@material/rtl": "^5.1.0",
        "@material/shape": "^5.1.0",
        "@material/theme": "^5.1.0"
      }
    },
    "@material/checkbox": {
      "version": "5.1.0",
      "resolved": "https://registry.npmjs.org/@material/checkbox/-/checkbox-5.1.0.tgz",
      "integrity": "sha1-L2ifakCfDtkGoNc7zQB4p2jq+dE=",
      "requires": {
        "@material/animation": "^5.1.0",
        "@material/base": "^5.1.0",
        "@material/density": "^5.1.0",
        "@material/dom": "^5.1.0",
        "@material/feature-targeting": "^5.1.0",
        "@material/ripple": "^5.1.0",
        "@material/theme": "^5.1.0",
        "@material/touch-target": "^5.1.0",
        "tslib": "^1.9.3"
      }
    },
    "@material/chips": {
      "version": "5.1.0",
      "resolved": "https://registry.npmjs.org/@material/chips/-/chips-5.1.0.tgz",
      "integrity": "sha1-i71bK+MwCpRTz27dkYanwKp1es4=",
      "requires": {
        "@material/animation": "^5.1.0",
        "@material/base": "^5.1.0",
        "@material/checkbox": "^5.1.0",
        "@material/density": "^5.1.0",
        "@material/dom": "^5.1.0",
        "@material/elevation": "^5.1.0",
        "@material/feature-targeting": "^5.1.0",
        "@material/ripple": "^5.1.0",
        "@material/rtl": "^5.1.0",
        "@material/shape": "^5.1.0",
        "@material/theme": "^5.1.0",
        "@material/touch-target": "^5.1.0",
        "@material/typography": "^5.1.0",
        "tslib": "^1.9.3"
      }
    },
    "@material/data-table": {
      "version": "5.1.0",
      "resolved": "https://registry.npmjs.org/@material/data-table/-/data-table-5.1.0.tgz",
      "integrity": "sha1-TBWgoY9+5tjbp35DXU++Bk/h8Ak=",
      "requires": {
        "@material/animation": "^5.1.0",
        "@material/base": "^5.1.0",
        "@material/checkbox": "^5.1.0",
        "@material/density": "^5.1.0",
        "@material/dom": "^5.1.0",
        "@material/elevation": "^5.1.0",
        "@material/feature-targeting": "^5.1.0",
        "@material/rtl": "^5.1.0",
        "@material/shape": "^5.1.0",
        "@material/theme": "^5.1.0",
        "@material/typography": "^5.1.0",
        "tslib": "^1.10.0"
      }
    },
    "@material/density": {
      "version": "5.1.0",
      "resolved": "https://registry.npmjs.org/@material/density/-/density-5.1.0.tgz",
      "integrity": "sha1-02US1BOgBZUSL5gwN2ba5rnp+r4="
    },
    "@material/dialog": {
      "version": "5.1.0",
      "resolved": "https://registry.npmjs.org/@material/dialog/-/dialog-5.1.0.tgz",
      "integrity": "sha1-PqZLIrco4eElGq8LtLSmdarXN4U=",
      "requires": {
        "@material/animation": "^5.1.0",
        "@material/base": "^5.1.0",
        "@material/button": "^5.1.0",
        "@material/dom": "^5.1.0",
        "@material/elevation": "^5.1.0",
        "@material/feature-targeting": "^5.1.0",
        "@material/ripple": "^5.1.0",
        "@material/rtl": "^5.1.0",
        "@material/shape": "^5.1.0",
        "@material/theme": "^5.1.0",
        "@material/touch-target": "^5.1.0",
        "@material/typography": "^5.1.0",
        "tslib": "^1.9.3"
      }
    },
    "@material/dom": {
      "version": "5.1.0",
      "resolved": "https://registry.npmjs.org/@material/dom/-/dom-5.1.0.tgz",
      "integrity": "sha1-/vuW4fdEZT38Ps2wH36++Bzh+us=",
      "requires": {
        "tslib": "^1.9.3"
      }
    },
    "@material/drawer": {
      "version": "5.1.0",
      "resolved": "https://registry.npmjs.org/@material/drawer/-/drawer-5.1.0.tgz",
      "integrity": "sha1-Anpq2FY3uZm0MByd8JUTwY2LQmk=",
      "requires": {
        "@material/animation": "^5.1.0",
        "@material/base": "^5.1.0",
        "@material/dom": "^5.1.0",
        "@material/elevation": "^5.1.0",
        "@material/feature-targeting": "^5.1.0",
        "@material/list": "^5.1.0",
        "@material/ripple": "^5.1.0",
        "@material/rtl": "^5.1.0",
        "@material/shape": "^5.1.0",
        "@material/theme": "^5.1.0",
        "@material/typography": "^5.1.0",
        "tslib": "^1.9.3"
      }
    },
    "@material/elevation": {
      "version": "5.1.0",
      "resolved": "https://registry.npmjs.org/@material/elevation/-/elevation-5.1.0.tgz",
      "integrity": "sha1-VpBl+FjdHfuD07pJUe1uRJ2h1UU=",
      "requires": {
        "@material/animation": "^5.1.0",
        "@material/base": "^5.1.0",
        "@material/feature-targeting": "^5.1.0",
        "@material/theme": "^5.1.0"
      }
    },
    "@material/fab": {
      "version": "5.1.0",
      "resolved": "https://registry.npmjs.org/@material/fab/-/fab-5.1.0.tgz",
      "integrity": "sha1-Sjj9TXV59beupsjStgyz3td5RdM=",
      "requires": {
        "@material/animation": "^5.1.0",
        "@material/elevation": "^5.1.0",
        "@material/feature-targeting": "^5.1.0",
        "@material/ripple": "^5.1.0",
        "@material/rtl": "^5.1.0",
        "@material/shape": "^5.1.0",
        "@material/theme": "^5.1.0",
        "@material/touch-target": "^5.1.0",
        "@material/typography": "^5.1.0"
      }
    },
    "@material/feature-targeting": {
      "version": "5.1.0",
      "resolved": "https://registry.npmjs.org/@material/feature-targeting/-/feature-targeting-5.1.0.tgz",
      "integrity": "sha1-SSZbvU/1mxzSCjhbVUf3wkbLGVU="
    },
    "@material/floating-label": {
      "version": "5.1.0",
      "resolved": "https://registry.npmjs.org/@material/floating-label/-/floating-label-5.1.0.tgz",
      "integrity": "sha1-jWVLPyypgkjlpzpj/uyPRSPFq08=",
      "requires": {
        "@material/animation": "^5.1.0",
        "@material/base": "^5.1.0",
        "@material/dom": "^5.1.0",
        "@material/feature-targeting": "^5.1.0",
        "@material/rtl": "^5.1.0",
        "@material/theme": "^5.1.0",
        "@material/typography": "^5.1.0",
        "tslib": "^1.9.3"
      }
    },
    "@material/form-field": {
      "version": "5.1.0",
      "resolved": "https://registry.npmjs.org/@material/form-field/-/form-field-5.1.0.tgz",
      "integrity": "sha1-kb+By0ZH1lW3RZ3wqhkGAYn1VWQ=",
      "requires": {
        "@material/base": "^5.1.0",
        "@material/feature-targeting": "^5.1.0",
        "@material/ripple": "^5.1.0",
        "@material/rtl": "^5.1.0",
        "@material/theme": "^5.1.0",
        "@material/typography": "^5.1.0",
        "tslib": "^1.9.3"
      }
    },
    "@material/icon-button": {
      "version": "5.1.0",
      "resolved": "https://registry.npmjs.org/@material/icon-button/-/icon-button-5.1.0.tgz",
      "integrity": "sha1-IkxWB8onL+rEHsIjgW7hIz+ysBg=",
      "requires": {
        "@material/base": "^5.1.0",
        "@material/density": "^5.1.0",
        "@material/feature-targeting": "^5.1.0",
        "@material/ripple": "^5.1.0",
        "@material/theme": "^5.1.0",
        "tslib": "^1.9.3"
      }
    },
    "@material/image-list": {
      "version": "5.1.0",
      "resolved": "https://registry.npmjs.org/@material/image-list/-/image-list-5.1.0.tgz",
      "integrity": "sha1-1+84ltxp0aG+Usz0yKOagkC0XPI=",
      "requires": {
        "@material/feature-targeting": "^5.1.0",
        "@material/shape": "^5.1.0",
        "@material/theme": "^5.1.0",
        "@material/typography": "^5.1.0"
      }
    },
    "@material/layout-grid": {
      "version": "5.1.0",
      "resolved": "https://registry.npmjs.org/@material/layout-grid/-/layout-grid-5.1.0.tgz",
      "integrity": "sha1-ofWEv906HxHbN6pjxRK0w8Hb/uk="
    },
    "@material/line-ripple": {
      "version": "5.1.0",
      "resolved": "https://registry.npmjs.org/@material/line-ripple/-/line-ripple-5.1.0.tgz",
      "integrity": "sha1-hssbipG/AQIxEJIRuOs4rQWfXyM=",
      "requires": {
        "@material/animation": "^5.1.0",
        "@material/base": "^5.1.0",
        "@material/feature-targeting": "^5.1.0",
        "@material/theme": "^5.1.0",
        "tslib": "^1.9.3"
      }
    },
    "@material/linear-progress": {
      "version": "5.1.0",
      "resolved": "https://registry.npmjs.org/@material/linear-progress/-/linear-progress-5.1.0.tgz",
      "integrity": "sha1-4dnA9l8ZWIhFwvMDcFRUQcn+UFo=",
      "requires": {
        "@material/animation": "^5.1.0",
        "@material/base": "^5.1.0",
        "@material/feature-targeting": "^5.1.0",
        "@material/progress-indicator": "^5.1.0",
        "@material/theme": "^5.1.0",
        "tslib": "^1.9.3"
      }
    },
    "@material/list": {
      "version": "5.1.0",
      "resolved": "https://registry.npmjs.org/@material/list/-/list-5.1.0.tgz",
      "integrity": "sha1-BMAQ45PIjH2iCRQm/RK4IGWFw34=",
      "requires": {
        "@material/base": "^5.1.0",
        "@material/density": "^5.1.0",
        "@material/dom": "^5.1.0",
        "@material/feature-targeting": "^5.1.0",
        "@material/ripple": "^5.1.0",
        "@material/rtl": "^5.1.0",
        "@material/shape": "^5.1.0",
        "@material/theme": "^5.1.0",
        "@material/typography": "^5.1.0",
        "tslib": "^1.9.3"
      }
    },
    "@material/menu": {
      "version": "5.1.0",
      "resolved": "https://registry.npmjs.org/@material/menu/-/menu-5.1.0.tgz",
      "integrity": "sha1-KHlMG+dCoifh4g873dyJYXiJDr4=",
      "requires": {
        "@material/base": "^5.1.0",
        "@material/dom": "^5.1.0",
        "@material/elevation": "^5.1.0",
        "@material/feature-targeting": "^5.1.0",
        "@material/list": "^5.1.0",
        "@material/menu-surface": "^5.1.0",
        "@material/ripple": "^5.1.0",
        "@material/rtl": "^5.1.0",
        "@material/theme": "^5.1.0",
        "tslib": "^1.9.3"
      }
    },
    "@material/menu-surface": {
      "version": "5.1.0",
      "resolved": "https://registry.npmjs.org/@material/menu-surface/-/menu-surface-5.1.0.tgz",
      "integrity": "sha1-AI3GHnn3Pe7D5Wuf27oWTM7BN1k=",
      "requires": {
        "@material/animation": "^5.1.0",
        "@material/base": "^5.1.0",
        "@material/elevation": "^5.1.0",
        "@material/feature-targeting": "^5.1.0",
        "@material/rtl": "^5.1.0",
        "@material/shape": "^5.1.0",
        "@material/theme": "^5.1.0",
        "tslib": "^1.9.3"
      }
    },
    "@material/notched-outline": {
      "version": "5.1.0",
      "resolved": "https://registry.npmjs.org/@material/notched-outline/-/notched-outline-5.1.0.tgz",
      "integrity": "sha1-TslwAe1ru2bwQQC3dFrpnRmk0W4=",
      "requires": {
        "@material/base": "^5.1.0",
        "@material/feature-targeting": "^5.1.0",
        "@material/floating-label": "^5.1.0",
        "@material/rtl": "^5.1.0",
        "@material/shape": "^5.1.0",
        "@material/theme": "^5.1.0",
        "tslib": "^1.9.3"
      }
    },
    "@material/progress-indicator": {
      "version": "5.1.0",
      "resolved": "https://registry.npmjs.org/@material/progress-indicator/-/progress-indicator-5.1.0.tgz",
      "integrity": "sha1-14hcTS3n08nAlRvxnMS7Y0TXXKs=",
      "requires": {
        "tslib": "^1.9.3"
      }
    },
    "@material/radio": {
      "version": "5.1.0",
      "resolved": "https://registry.npmjs.org/@material/radio/-/radio-5.1.0.tgz",
      "integrity": "sha1-QiA2n+icLO6KlUm1BdhXpu/GEIw=",
      "requires": {
        "@material/animation": "^5.1.0",
        "@material/base": "^5.1.0",
        "@material/density": "^5.1.0",
        "@material/dom": "^5.1.0",
        "@material/feature-targeting": "^5.1.0",
        "@material/ripple": "^5.1.0",
        "@material/theme": "^5.1.0",
        "@material/touch-target": "^5.1.0",
        "tslib": "^1.9.3"
      }
    },
    "@material/ripple": {
      "version": "5.1.0",
      "resolved": "https://registry.npmjs.org/@material/ripple/-/ripple-5.1.0.tgz",
      "integrity": "sha1-ZiTg/3cY1r+mX+zQvKTAPSaWwHs=",
      "requires": {
        "@material/animation": "^5.1.0",
        "@material/base": "^5.1.0",
        "@material/dom": "^5.1.0",
        "@material/feature-targeting": "^5.1.0",
        "@material/theme": "^5.1.0",
        "tslib": "^1.9.3"
      }
    },
    "@material/rtl": {
      "version": "5.1.0",
      "resolved": "https://registry.npmjs.org/@material/rtl/-/rtl-5.1.0.tgz",
      "integrity": "sha1-q9jCu1MiuPvlSeL0Z3kWEnINp0Y="
    },
    "@material/select": {
      "version": "5.1.0",
      "resolved": "https://registry.npmjs.org/@material/select/-/select-5.1.0.tgz",
      "integrity": "sha1-xhBuPk8n82cL4InO3bAwrq2Tb/w=",
      "requires": {
        "@material/animation": "^5.1.0",
        "@material/base": "^5.1.0",
        "@material/floating-label": "^5.1.0",
        "@material/line-ripple": "^5.1.0",
        "@material/menu": "^5.1.0",
        "@material/menu-surface": "^5.1.0",
        "@material/notched-outline": "^5.1.0",
        "@material/ripple": "^5.1.0",
        "@material/rtl": "^5.1.0",
        "@material/shape": "^5.1.0",
        "@material/theme": "^5.1.0",
        "@material/typography": "^5.1.0",
        "tslib": "^1.9.3"
      }
    },
    "@material/shape": {
      "version": "5.1.0",
      "resolved": "https://registry.npmjs.org/@material/shape/-/shape-5.1.0.tgz",
      "integrity": "sha1-FV0Bxv3JCpIl/vKX/hRsGUamwUc=",
      "requires": {
        "@material/feature-targeting": "^5.1.0",
        "@material/rtl": "^5.1.0"
      }
    },
    "@material/slider": {
      "version": "5.1.0",
      "resolved": "https://registry.npmjs.org/@material/slider/-/slider-5.1.0.tgz",
      "integrity": "sha1-k9Le5QB1Kg6Fr0l4SCYAQiGUCOQ=",
      "requires": {
        "@material/animation": "^5.1.0",
        "@material/base": "^5.1.0",
        "@material/dom": "^5.1.0",
        "@material/feature-targeting": "^5.1.0",
        "@material/rtl": "^5.1.0",
        "@material/theme": "^5.1.0",
        "@material/typography": "^5.1.0",
        "tslib": "^1.9.3"
      }
    },
    "@material/snackbar": {
      "version": "5.1.0",
      "resolved": "https://registry.npmjs.org/@material/snackbar/-/snackbar-5.1.0.tgz",
      "integrity": "sha1-9aB1zrwxT10/voh8fSIxyVh+nZ0=",
      "requires": {
        "@material/animation": "^5.1.0",
        "@material/base": "^5.1.0",
        "@material/button": "^5.1.0",
        "@material/dom": "^5.1.0",
        "@material/elevation": "^5.1.0",
        "@material/feature-targeting": "^5.1.0",
        "@material/icon-button": "^5.1.0",
        "@material/ripple": "^5.1.0",
        "@material/rtl": "^5.1.0",
        "@material/shape": "^5.1.0",
        "@material/theme": "^5.1.0",
        "@material/typography": "^5.1.0",
        "tslib": "^1.9.3"
      }
    },
    "@material/switch": {
      "version": "5.1.0",
      "resolved": "https://registry.npmjs.org/@material/switch/-/switch-5.1.0.tgz",
      "integrity": "sha1-gIlNv995mqQiAYnzn80xAHIt8rY=",
      "requires": {
        "@material/animation": "^5.1.0",
        "@material/base": "^5.1.0",
        "@material/density": "^5.1.0",
        "@material/dom": "^5.1.0",
        "@material/elevation": "^5.1.0",
        "@material/feature-targeting": "^5.1.0",
        "@material/ripple": "^5.1.0",
        "@material/rtl": "^5.1.0",
        "@material/theme": "^5.1.0",
        "tslib": "^1.9.3"
      }
    },
    "@material/tab": {
      "version": "5.1.0",
      "resolved": "https://registry.npmjs.org/@material/tab/-/tab-5.1.0.tgz",
      "integrity": "sha1-G5HOIiGEIqTBp8Z9JuRMCXHw4b4=",
      "requires": {
        "@material/base": "^5.1.0",
        "@material/feature-targeting": "^5.1.0",
        "@material/ripple": "^5.1.0",
        "@material/rtl": "^5.1.0",
        "@material/tab-indicator": "^5.1.0",
        "@material/theme": "^5.1.0",
        "@material/typography": "^5.1.0",
        "tslib": "^1.9.3"
      }
    },
    "@material/tab-bar": {
      "version": "5.1.0",
      "resolved": "https://registry.npmjs.org/@material/tab-bar/-/tab-bar-5.1.0.tgz",
      "integrity": "sha1-47TpWaBPOvdigumnEgSq2YpRLng=",
      "requires": {
        "@material/animation": "^5.1.0",
        "@material/base": "^5.1.0",
        "@material/density": "^5.1.0",
        "@material/feature-targeting": "^5.1.0",
        "@material/tab": "^5.1.0",
        "@material/tab-scroller": "^5.1.0",
        "tslib": "^1.9.3"
      }
    },
    "@material/tab-indicator": {
      "version": "5.1.0",
      "resolved": "https://registry.npmjs.org/@material/tab-indicator/-/tab-indicator-5.1.0.tgz",
      "integrity": "sha1-GvfOiFvytkr0BXrLOnNq4rmTuSU=",
      "requires": {
        "@material/animation": "^5.1.0",
        "@material/base": "^5.1.0",
        "@material/feature-targeting": "^5.1.0",
        "@material/theme": "^5.1.0",
        "tslib": "^1.9.3"
      }
    },
    "@material/tab-scroller": {
      "version": "5.1.0",
      "resolved": "https://registry.npmjs.org/@material/tab-scroller/-/tab-scroller-5.1.0.tgz",
      "integrity": "sha1-dpi4c1JrxKSiurpBXLz0bbdv6ZY=",
      "requires": {
        "@material/animation": "^5.1.0",
        "@material/base": "^5.1.0",
        "@material/dom": "^5.1.0",
        "@material/feature-targeting": "^5.1.0",
        "@material/tab": "^5.1.0",
        "tslib": "^1.9.3"
      }
    },
    "@material/textfield": {
      "version": "5.1.0",
      "resolved": "https://registry.npmjs.org/@material/textfield/-/textfield-5.1.0.tgz",
      "integrity": "sha1-dfaMYtyRYRYzCkyVi6OGbIe9YAI=",
      "requires": {
        "@material/animation": "^5.1.0",
        "@material/base": "^5.1.0",
        "@material/density": "^5.1.0",
        "@material/dom": "^5.1.0",
        "@material/feature-targeting": "^5.1.0",
        "@material/floating-label": "^5.1.0",
        "@material/line-ripple": "^5.1.0",
        "@material/notched-outline": "^5.1.0",
        "@material/ripple": "^5.1.0",
        "@material/rtl": "^5.1.0",
        "@material/shape": "^5.1.0",
        "@material/theme": "^5.1.0",
        "@material/typography": "^5.1.0",
        "tslib": "^1.9.3"
      }
    },
    "@material/theme": {
      "version": "5.1.0",
      "resolved": "https://registry.npmjs.org/@material/theme/-/theme-5.1.0.tgz",
      "integrity": "sha1-ATw30FWvxdQEXHfkTJ/R+UD/hls=",
      "requires": {
        "@material/feature-targeting": "^5.1.0"
      }
    },
    "@material/top-app-bar": {
      "version": "5.1.0",
      "resolved": "https://registry.npmjs.org/@material/top-app-bar/-/top-app-bar-5.1.0.tgz",
      "integrity": "sha1-xnmAh0Fw5tif4cGfAwZL/gJXxSo=",
      "requires": {
        "@material/animation": "^5.1.0",
        "@material/base": "^5.1.0",
        "@material/elevation": "^5.1.0",
        "@material/ripple": "^5.1.0",
        "@material/rtl": "^5.1.0",
        "@material/shape": "^5.1.0",
        "@material/theme": "^5.1.0",
        "@material/typography": "^5.1.0",
        "tslib": "^1.9.3"
      }
    },
    "@material/touch-target": {
      "version": "5.1.0",
      "resolved": "https://registry.npmjs.org/@material/touch-target/-/touch-target-5.1.0.tgz",
      "integrity": "sha1-DgO6kBrPEYyR60z6AgNJZEJFZaI=",
      "requires": {
        "@material/base": "^5.1.0",
        "@material/feature-targeting": "^5.1.0"
      }
    },
    "@material/typography": {
      "version": "5.1.0",
      "resolved": "https://registry.npmjs.org/@material/typography/-/typography-5.1.0.tgz",
      "integrity": "sha1-s0b0E5sjHxfITEOaHHrzEcQMWEQ=",
      "requires": {
        "@material/feature-targeting": "^5.1.0",
        "@material/theme": "^5.1.0"
      }
    },
    "@openfonts/baloo-thambi-2_tamil": {
      "version": "0.0.1",
      "resolved": "https://registry.npmjs.org/@openfonts/baloo-thambi-2_tamil/-/baloo-thambi-2_tamil-0.0.1.tgz",
      "integrity": "sha512-Xon1zAFj5thTg20Q2ktEUfzmRY/ngUXOGKt0S9z2LGFkGV5dvqNNQ9zi0Ah6bfgp0iHczr57pbQFkQlxh6b6zg=="
    },
    "alpinejs": {
      "version": "2.2.1",
      "resolved": "https://registry.npmjs.org/alpinejs/-/alpinejs-2.2.1.tgz",
      "integrity": "sha1-/o25WtTZNG1weD1brbkfe7tY6YA="
    },
    "animate.css": {
      "version": "3.7.2",
      "resolved": "https://registry.npmjs.org/animate.css/-/animate.css-3.7.2.tgz",
      "integrity": "sha1-5z4NUOkssc/vFZfZs4qUgQIOCOo="
    },
    "animejs": {
      "version": "3.2.0",
      "resolved": "https://registry.npmjs.org/animejs/-/animejs-3.2.0.tgz",
      "integrity": "sha512-zhtGl5cS0G2f5DfciMO8uwWpnx06nfFnHlXYYXHBazHep1Lyd6kEtBQP+9hpYKE0dBZjIigHp9VpMO95ZfXQJQ=="
    },
    "backbone": {
      "version": "1.4.0",
      "resolved": "https://registry.npmjs.org/backbone/-/backbone-1.4.0.tgz",
      "integrity": "sha1-VNtN6d98OBHD8DLzR0mkzSfzvRI=",
      "requires": {
        "underscore": ">=1.8.3"
      }
    },
    "cleave.js": {
      "version": "1.5.10",
      "resolved": "https://registry.npmjs.org/cleave.js/-/cleave.js-1.5.10.tgz",
      "integrity": "sha512-oxKQSQ53r4tgnHH9VhxokKoNcdGV0m+omhuQS8QdrQJWZvSMMjX+VIVk18LuGarOKIaFysKI9hu4Qz/UdKdBkg=="
    },
    "codemirror": {
      "version": "5.52.2",
      "resolved": "https://registry.npmjs.org/codemirror/-/codemirror-5.52.2.tgz",
      "integrity": "sha1-wp4fcXn4XrDdF8BYb6gQ5IOP9YQ="
    },
    "flexboxgrid": {
      "version": "6.3.1",
      "resolved": "https://registry.npmjs.org/flexboxgrid/-/flexboxgrid-6.3.1.tgz",
      "integrity": "sha1-6ZiYr8B7cEdyK7galYpfuk1OIP0="
    },
    "interactjs": {
      "version": "1.9.9",
      "resolved": "https://registry.npmjs.org/interactjs/-/interactjs-1.9.9.tgz",
      "integrity": "sha512-4WMas+Ms6qoATdpIFAdXpKRK9AYouNh6LqCq8B+wk0IpkPGoPCFnz3LDOlzhfZghniocVt+uK2FEFHaLwgCHAQ==",
      "requires": {
        "@interactjs/interactjs": "1.9.9",
        "@interactjs/types": "1.9.9"
      }
    },
    "material-components-web": {
      "version": "5.1.0",
      "resolved": "https://registry.npmjs.org/material-components-web/-/material-components-web-5.1.0.tgz",
      "integrity": "sha1-4afJ1iUihNaFfUDnidJv1hB9Qvc=",
      "requires": {
        "@material/animation": "^5.1.0",
        "@material/auto-init": "^5.1.0",
        "@material/base": "^5.1.0",
        "@material/button": "^5.1.0",
        "@material/card": "^5.1.0",
        "@material/checkbox": "^5.1.0",
        "@material/chips": "^5.1.0",
        "@material/data-table": "^5.1.0",
        "@material/density": "^5.1.0",
        "@material/dialog": "^5.1.0",
        "@material/dom": "^5.1.0",
        "@material/drawer": "^5.1.0",
        "@material/elevation": "^5.1.0",
        "@material/fab": "^5.1.0",
        "@material/feature-targeting": "^5.1.0",
        "@material/floating-label": "^5.1.0",
        "@material/form-field": "^5.1.0",
        "@material/icon-button": "^5.1.0",
        "@material/image-list": "^5.1.0",
        "@material/layout-grid": "^5.1.0",
        "@material/line-ripple": "^5.1.0",
        "@material/linear-progress": "^5.1.0",
        "@material/list": "^5.1.0",
        "@material/menu": "^5.1.0",
        "@material/menu-surface": "^5.1.0",
        "@material/notched-outline": "^5.1.0",
        "@material/radio": "^5.1.0",
        "@material/ripple": "^5.1.0",
        "@material/rtl": "^5.1.0",
        "@material/select": "^5.1.0",
        "@material/shape": "^5.1.0",
        "@material/slider": "^5.1.0",
        "@material/snackbar": "^5.1.0",
        "@material/switch": "^5.1.0",
        "@material/tab": "^5.1.0",
        "@material/tab-bar": "^5.1.0",
        "@material/tab-indicator": "^5.1.0",
        "@material/tab-scroller": "^5.1.0",
        "@material/textfield": "^5.1.0",
        "@material/theme": "^5.1.0",
        "@material/top-app-bar": "^5.1.0",
        "@material/touch-target": "^5.1.0",
        "@material/typography": "^5.1.0"
      }
    },
    "material-icons": {
      "version": "0.3.1",
      "resolved": "https://registry.npmjs.org/material-icons/-/material-icons-0.3.1.tgz",
      "integrity": "sha1-Ql4G4kSGMtYknW4f/imTaCxbFx4="
    },
    "moment": {
      "version": "2.24.0",
      "resolved": "https://registry.npmjs.org/moment/-/moment-2.24.0.tgz",
      "integrity": "sha512-bV7f+6l2QigeBBZSM/6yTNq4P2fNpSWj/0e7jQcy87A8e7o2nAfP/34/2ky5Vw4B9S446EtIhodAzkFCcR4dQg=="
    },
    "normalize.css": {
      "version": "8.0.1",
      "resolved": "https://registry.npmjs.org/normalize.css/-/normalize.css-8.0.1.tgz",
      "integrity": "sha1-m5iiCHOLnMJjTKrLxC0THJdIe/M="
    },
    "numeral": {
      "version": "2.0.6",
      "resolved": "https://registry.npmjs.org/numeral/-/numeral-2.0.6.tgz",
      "integrity": "sha1-StCAk21EPCVhrtnyGX7//iX05QY="
    },
    "requirejs": {
      "version": "2.3.6",
      "resolved": "https://registry.npmjs.org/requirejs/-/requirejs-2.3.6.tgz",
      "integrity": "sha1-5Qk9lgHCgpJRJYwLlEXU0Z+p58k="
    },
    "requirejs-plugins": {
      "version": "1.0.2",
      "resolved": "https://registry.npmjs.org/requirejs-plugins/-/requirejs-plugins-1.0.2.tgz",
      "integrity": "sha1-aTtVidl/hZhGL8cYJjUyYqr9qDY="
    },
    "text": {
      "version": "github:requirejs/text#3f9d4c19b3a1a3c6f35650c5788cbea1db93197a",
      "from": "github:requirejs/text"
    },
    "tslib": {
      "version": "1.11.1",
      "resolved": "https://registry.npmjs.org/tslib/-/tslib-1.11.1.tgz",
      "integrity": "sha1-6xXRKIJ/vuKEFUnhcfRe0zisfjU="
    },
    "typeface-lato": {
      "version": "0.0.75",
      "resolved": "https://registry.npmjs.org/typeface-lato/-/typeface-lato-0.0.75.tgz",
      "integrity": "sha1-iqEcVhHcOEFoN8CJsmWiq9H33TE="
    },
    "underscore": {
      "version": "1.9.2",
      "resolved": "https://registry.npmjs.org/underscore/-/underscore-1.9.2.tgz",
      "integrity": "sha1-DI1vU21vN4pa8mSnL3vsUP63zy8="
    },
    "voca": {
      "version": "1.4.0",
      "resolved": "https://registry.npmjs.org/voca/-/voca-1.4.0.tgz",
      "integrity": "sha512-8Xz4H3vhYRGbFupLtl6dHwMx0ojUcjt0HYkqZ9oBCfipd/5mD7Md58m2/dq7uPuZU/0T3Gb1m66KS9jn+I+14Q=="
    },
    "zepto": {
      "version": "1.2.0",
      "resolved": "https://registry.npmjs.org/zepto/-/zepto-1.2.0.tgz",
      "integrity": "sha1-4Se9nmb9hGvl6rSME5SIL3wOT5g="
    }
  }
}
